// !$*UTF8*$!
{
	archiveVersion = 1;
	classes = {
	};
	objectVersion = 50;
	objects = {

/* Begin PBXBuildFile section */
		A9C33850244EB6F900842DBD /* AppDelegate.swift in Sources */ = {isa = PBXBuildFile; fileRef = A9C3384F244EB6F900842DBD /* AppDelegate.swift */; };
		A9C33852244EB6F900842DBD /* SceneDelegate.swift in Sources */ = {isa = PBXBuildFile; fileRef = A9C33851244EB6F900842DBD /* SceneDelegate.swift */; };
		A9C33854244EB6F900842DBD /* ViewController.swift in Sources */ = {isa = PBXBuildFile; fileRef = A9C33853244EB6F900842DBD /* ViewController.swift */; };
		A9C33857244EB6F900842DBD /* Main.storyboard in Resources */ = {isa = PBXBuildFile; fileRef = A9C33855244EB6F900842DBD /* Main.storyboard */; };
		A9C33859244EB6FB00842DBD /* Assets.xcassets in Resources */ = {isa = PBXBuildFile; fileRef = A9C33858244EB6FB00842DBD /* Assets.xcassets */; };
		A9C3385C244EB6FB00842DBD /* LaunchScreen.storyboard in Resources */ = {isa = PBXBuildFile; fileRef = A9C3385A244EB6FB00842DBD /* LaunchScreen.storyboard */; };
		A9C33865244EB71800842DBD /* LoginViewController.swift in Sources */ = {isa = PBXBuildFile; fileRef = A9C33863244EB71800842DBD /* LoginViewController.swift */; };
		A9C33866244EB71800842DBD /* LoginViewController.xib in Resources */ = {isa = PBXBuildFile; fileRef = A9C33864244EB71800842DBD /* LoginViewController.xib */; };
		A9C33869244EB72500842DBD /* RegisterViewController.swift in Sources */ = {isa = PBXBuildFile; fileRef = A9C33867244EB72500842DBD /* RegisterViewController.swift */; };
		A9C3386A244EB72500842DBD /* RegisterViewController.xib in Resources */ = {isa = PBXBuildFile; fileRef = A9C33868244EB72500842DBD /* RegisterViewController.xib */; };
		A9C3386D244EB73500842DBD /* GraphicViewController.swift in Sources */ = {isa = PBXBuildFile; fileRef = A9C3386B244EB73500842DBD /* GraphicViewController.swift */; };
		A9C3386E244EB73500842DBD /* GraphicViewController.xib in Resources */ = {isa = PBXBuildFile; fileRef = A9C3386C244EB73500842DBD /* GraphicViewController.xib */; };
		A9C33871244EB78B00842DBD /* VietnamViewController.swift in Sources */ = {isa = PBXBuildFile; fileRef = A9C3386F244EB78B00842DBD /* VietnamViewController.swift */; };
		A9C33872244EB78B00842DBD /* VietnamViewController.xib in Resources */ = {isa = PBXBuildFile; fileRef = A9C33870244EB78B00842DBD /* VietnamViewController.xib */; };
		A9C33875244EB7B700842DBD /* TheWorldViewController.swift in Sources */ = {isa = PBXBuildFile; fileRef = A9C33873244EB7B700842DBD /* TheWorldViewController.swift */; };
		A9C33876244EB7B700842DBD /* TheWorldViewController.xib in Resources */ = {isa = PBXBuildFile; fileRef = A9C33874244EB7B700842DBD /* TheWorldViewController.xib */; };
		A9C33879244EC46400842DBD /* MapViewController.swift in Sources */ = {isa = PBXBuildFile; fileRef = A9C33877244EC46400842DBD /* MapViewController.swift */; };
		A9C3387A244EC46400842DBD /* MapViewController.xib in Resources */ = {isa = PBXBuildFile; fileRef = A9C33878244EC46400842DBD /* MapViewController.xib */; };
		A9C3387D244EC55900842DBD /* DataViewController.swift in Sources */ = {isa = PBXBuildFile; fileRef = A9C3387B244EC55900842DBD /* DataViewController.swift */; };
		A9C3387E244EC55900842DBD /* DataViewController.xib in Resources */ = {isa = PBXBuildFile; fileRef = A9C3387C244EC55900842DBD /* DataViewController.xib */; };
/* End PBXBuildFile section */

/* Begin PBXFileReference section */
		A9C3384C244EB6F900842DBD /* Corona.app */ = {isa = PBXFileReference; explicitFileType = wrapper.application; includeInIndex = 0; path = Corona.app; sourceTree = BUILT_PRODUCTS_DIR; };
		A9C3384F244EB6F900842DBD /* AppDelegate.swift */ = {isa = PBXFileReference; lastKnownFileType = sourcecode.swift; path = AppDelegate.swift; sourceTree = "<group>"; };
		A9C33851244EB6F900842DBD /* SceneDelegate.swift */ = {isa = PBXFileReference; lastKnownFileType = sourcecode.swift; path = SceneDelegate.swift; sourceTree = "<group>"; };
		A9C33853244EB6F900842DBD /* ViewController.swift */ = {isa = PBXFileReference; lastKnownFileType = sourcecode.swift; path = ViewController.swift; sourceTree = "<group>"; };
		A9C33856244EB6F900842DBD /* Base */ = {isa = PBXFileReference; lastKnownFileType = file.storyboard; name = Base; path = Base.lproj/Main.storyboard; sourceTree = "<group>"; };
		A9C33858244EB6FB00842DBD /* Assets.xcassets */ = {isa = PBXFileReference; lastKnownFileType = folder.assetcatalog; path = Assets.xcassets; sourceTree = "<group>"; };
		A9C3385B244EB6FB00842DBD /* Base */ = {isa = PBXFileReference; lastKnownFileType = file.storyboard; name = Base; path = Base.lproj/LaunchScreen.storyboard; sourceTree = "<group>"; };
		A9C3385D244EB6FB00842DBD /* Info.plist */ = {isa = PBXFileReference; lastKnownFileType = text.plist.xml; path = Info.plist; sourceTree = "<group>"; };
		A9C33863244EB71800842DBD /* LoginViewController.swift */ = {isa = PBXFileReference; lastKnownFileType = sourcecode.swift; path = LoginViewController.swift; sourceTree = "<group>"; };
		A9C33864244EB71800842DBD /* LoginViewController.xib */ = {isa = PBXFileReference; lastKnownFileType = file.xib; path = LoginViewController.xib; sourceTree = "<group>"; };
		A9C33867244EB72500842DBD /* RegisterViewController.swift */ = {isa = PBXFileReference; lastKnownFileType = sourcecode.swift; path = RegisterViewController.swift; sourceTree = "<group>"; };
		A9C33868244EB72500842DBD /* RegisterViewController.xib */ = {isa = PBXFileReference; lastKnownFileType = file.xib; path = RegisterViewController.xib; sourceTree = "<group>"; };
		A9C3386B244EB73500842DBD /* GraphicViewController.swift */ = {isa = PBXFileReference; lastKnownFileType = sourcecode.swift; path = GraphicViewController.swift; sourceTree = "<group>"; };
		A9C3386C244EB73500842DBD /* GraphicViewController.xib */ = {isa = PBXFileReference; lastKnownFileType = file.xib; path = GraphicViewController.xib; sourceTree = "<group>"; };
		A9C3386F244EB78B00842DBD /* VietnamViewController.swift */ = {isa = PBXFileReference; lastKnownFileType = sourcecode.swift; path = VietnamViewController.swift; sourceTree = "<group>"; };
		A9C33870244EB78B00842DBD /* VietnamViewController.xib */ = {isa = PBXFileReference; lastKnownFileType = file.xib; path = VietnamViewController.xib; sourceTree = "<group>"; };
		A9C33873244EB7B700842DBD /* TheWorldViewController.swift */ = {isa = PBXFileReference; lastKnownFileType = sourcecode.swift; path = TheWorldViewController.swift; sourceTree = "<group>"; };
		A9C33874244EB7B700842DBD /* TheWorldViewController.xib */ = {isa = PBXFileReference; lastKnownFileType = file.xib; path = TheWorldViewController.xib; sourceTree = "<group>"; };
		A9C33877244EC46400842DBD /* MapViewController.swift */ = {isa = PBXFileReference; lastKnownFileType = sourcecode.swift; path = MapViewController.swift; sourceTree = "<group>"; };
		A9C33878244EC46400842DBD /* MapViewController.xib */ = {isa = PBXFileReference; lastKnownFileType = file.xib; path = MapViewController.xib; sourceTree = "<group>"; };
		A9C3387B244EC55900842DBD /* DataViewController.swift */ = {isa = PBXFileReference; lastKnownFileType = sourcecode.swift; path = DataViewController.swift; sourceTree = "<group>"; };
		A9C3387C244EC55900842DBD /* DataViewController.xib */ = {isa = PBXFileReference; lastKnownFileType = file.xib; path = DataViewController.xib; sourceTree = "<group>"; };
/* End PBXFileReference section */

/* Begin PBXFrameworksBuildPhase section */
		A9C33849244EB6F900842DBD /* Frameworks */ = {
			isa = PBXFrameworksBuildPhase;
			buildActionMask = 2147483647;
			files = (
			);
			runOnlyForDeploymentPostprocessing = 0;
		};
/* End PBXFrameworksBuildPhase section */

/* Begin PBXGroup section */
		A9C33843244EB6F900842DBD = {
			isa = PBXGroup;
			children = (
				A9C3384E244EB6F900842DBD /* Corona */,
				A9C3384D244EB6F900842DBD /* Products */,
			);
			sourceTree = "<group>";
		};
		A9C3384D244EB6F900842DBD /* Products */ = {
			isa = PBXGroup;
			children = (
				A9C3384C244EB6F900842DBD /* Corona.app */,
			);
			name = Products;
			sourceTree = "<group>";
		};
		A9C3384E244EB6F900842DBD /* Corona */ = {
			isa = PBXGroup;
			children = (
				A9C3384F244EB6F900842DBD /* AppDelegate.swift */,
				A9C33851244EB6F900842DBD /* SceneDelegate.swift */,
				A9D083F12452A0230021A61C /* Controllers */,
				A9C33853244EB6F900842DBD /* ViewController.swift */,
				A9C33855244EB6F900842DBD /* Main.storyboard */,
				A9C33858244EB6FB00842DBD /* Assets.xcassets */,
				A9C3385A244EB6FB00842DBD /* LaunchScreen.storyboard */,
				A9C3385D244EB6FB00842DBD /* Info.plist */,
			);
			path = Corona;
			sourceTree = "<group>";
		};
		A9D083F12452A0230021A61C /* Controllers */ = {
			isa = PBXGroup;
			children = (
				A9C33863244EB71800842DBD /* LoginViewController.swift */,
				A9C33864244EB71800842DBD /* LoginViewController.xib */,
				A9C33867244EB72500842DBD /* RegisterViewController.swift */,
				A9C33868244EB72500842DBD /* RegisterViewController.xib */,
				A9C3386B244EB73500842DBD /* GraphicViewController.swift */,
				A9C3386C244EB73500842DBD /* GraphicViewController.xib */,
				A9C3386F244EB78B00842DBD /* VietnamViewController.swift */,
				A9C33870244EB78B00842DBD /* VietnamViewController.xib */,
				A9C33873244EB7B700842DBD /* TheWorldViewController.swift */,
				A9C33874244EB7B700842DBD /* TheWorldViewController.xib */,
				A9C33877244EC46400842DBD /* MapViewController.swift */,
				A9C33878244EC46400842DBD /* MapViewController.xib */,
				A9C3387B244EC55900842DBD /* DataViewController.swift */,
				A9C3387C244EC55900842DBD /* DataViewController.xib */,
			);
			path = Controllers;
			sourceTree = "<group>";
		};
/* End PBXGroup section */

/* Begin PBXNativeTarget section */
		A9C3384B244EB6F900842DBD /* Corona */ = {
			isa = PBXNativeTarget;
			buildConfigurationList = A9C33860244EB6FB00842DBD /* Build configuration list for PBXNativeTarget "Corona" */;
			buildPhases = (
				A9C33848244EB6F900842DBD /* Sources */,
				A9C33849244EB6F900842DBD /* Frameworks */,
				A9C3384A244EB6F900842DBD /* Resources */,
			);
			buildRules = (
			);
			dependencies = (
			);
			name = Corona;
			productName = Corona;
			productReference = A9C3384C244EB6F900842DBD /* Corona.app */;
			productType = "com.apple.product-type.application";
		};
/* End PBXNativeTarget section */

/* Begin PBXProject section */
		A9C33844244EB6F900842DBD /* Project object */ = {
			isa = PBXProject;
			attributes = {
				LastSwiftUpdateCheck = 1140;
				LastUpgradeCheck = 1140;
				ORGANIZATIONNAME = taoquynh;
				TargetAttributes = {
					A9C3384B244EB6F900842DBD = {
						CreatedOnToolsVersion = 11.4.1;
					};
				};
			};
			buildConfigurationList = A9C33847244EB6F900842DBD /* Build configuration list for PBXProject "Corona" */;
			compatibilityVersion = "Xcode 9.3";
			developmentRegion = en;
			hasScannedForEncodings = 0;
			knownRegions = (
				en,
				Base,
			);
			mainGroup = A9C33843244EB6F900842DBD;
			productRefGroup = A9C3384D244EB6F900842DBD /* Products */;
			projectDirPath = "";
			projectRoot = "";
			targets = (
				A9C3384B244EB6F900842DBD /* Corona */,
			);
		};
/* End PBXProject section */

/* Begin PBXResourcesBuildPhase section */
		A9C3384A244EB6F900842DBD /* Resources */ = {
			isa = PBXResourcesBuildPhase;
			buildActionMask = 2147483647;
			files = (
				A9C33866244EB71800842DBD /* LoginViewController.xib in Resources */,
				A9C3386A244EB72500842DBD /* RegisterViewController.xib in Resources */,
				A9C3385C244EB6FB00842DBD /* LaunchScreen.storyboard in Resources */,
				A9C33876244EB7B700842DBD /* TheWorldViewController.xib in Resources */,
				A9C3387A244EC46400842DBD /* MapViewController.xib in Resources */,
				A9C3386E244EB73500842DBD /* GraphicViewController.xib in Resources */,
				A9C3387E244EC55900842DBD /* DataViewController.xib in Resources */,
				A9C33872244EB78B00842DBD /* VietnamViewController.xib in Resources */,
				A9C33859244EB6FB00842DBD /* Assets.xcassets in Resources */,
				A9C33857244EB6F900842DBD /* Main.storyboard in Resources */,
			);
			runOnlyForDeploymentPostprocessing = 0;
		};
/* End PBXResourcesBuildPhase section */

/* Begin PBXSourcesBuildPhase section */
		A9C33848244EB6F900842DBD /* Sources */ = {
			isa = PBXSourcesBuildPhase;
			buildActionMask = 2147483647;
			files = (
				A9C33865244EB71800842DBD /* LoginViewController.swift in Sources */,
				A9C3386D244EB73500842DBD /* GraphicViewController.swift in Sources */,
				A9C3387D244EC55900842DBD /* DataViewController.swift in Sources */,
				A9C33869244EB72500842DBD /* RegisterViewController.swift in Sources */,
				A9C33854244EB6F900842DBD /* ViewController.swift in Sources */,
				A9C33879244EC46400842DBD /* MapViewController.swift in Sources */,
				A9C33850244EB6F900842DBD /* AppDelegate.swift in Sources */,
				A9C33871244EB78B00842DBD /* VietnamViewController.swift in Sources */,
				A9C33852244EB6F900842DBD /* SceneDelegate.swift in Sources */,
				A9C33875244EB7B700842DBD /* TheWorldViewController.swift in Sources */,
			);
			runOnlyForDeploymentPostprocessing = 0;
		};
/* End PBXSourcesBuildPhase section */

/* Begin PBXVariantGroup section */
		A9C33855244EB6F900842DBD /* Main.storyboard */ = {
			isa = PBXVariantGroup;
			children = (
				A9C33856244EB6F900842DBD /* Base */,
			);
			name = Main.storyboard;
			sourceTree = "<group>";
		};
		A9C3385A244EB6FB00842DBD /* LaunchScreen.storyboard */ = {
			isa = PBXVariantGroup;
			children = (
				A9C3385B244EB6FB00842DBD /* Base */,
			);
			name = LaunchScreen.storyboard;
			sourceTree = "<group>";
		};
/* End PBXVariantGroup section */

/* Begin XCBuildConfiguration section */
		A9C3385E244EB6FB00842DBD /* Debug */ = {
			isa = XCBuildConfiguration;
			buildSettings = {
				ALWAYS_SEARCH_USER_PATHS = NO;
				CLANG_ANALYZER_NONNULL = YES;
				CLANG_ANALYZER_NUMBER_OBJECT_CONVERSION = YES_AGGRESSIVE;
				CLANG_CXX_LANGUAGE_STANDARD = "gnu++14";
				CLANG_CXX_LIBRARY = "libc++";
				CLANG_ENABLE_MODULES = YES;
				CLANG_ENABLE_OBJC_ARC = YES;
				CLANG_ENABLE_OBJC_WEAK = YES;
				CLANG_WARN_BLOCK_CAPTURE_AUTORELEASING = YES;
				CLANG_WARN_BOOL_CONVERSION = YES;
				CLANG_WARN_COMMA = YES;
				CLANG_WARN_CONSTANT_CONVERSION = YES;
				CLANG_WARN_DEPRECATED_OBJC_IMPLEMENTATIONS = YES;
				CLANG_WARN_DIRECT_OBJC_ISA_USAGE = YES_ERROR;
				CLANG_WARN_DOCUMENTATION_COMMENTS = YES;
				CLANG_WARN_EMPTY_BODY = YES;
				CLANG_WARN_ENUM_CONVERSION = YES;
				CLANG_WARN_INFINITE_RECURSION = YES;
				CLANG_WARN_INT_CONVERSION = YES;
				CLANG_WARN_NON_LITERAL_NULL_CONVERSION = YES;
				CLANG_WARN_OBJC_IMPLICIT_RETAIN_SELF = YES;
				CLANG_WARN_OBJC_LITERAL_CONVERSION = YES;
				CLANG_WARN_OBJC_ROOT_CLASS = YES_ERROR;
				CLANG_WARN_RANGE_LOOP_ANALYSIS = YES;
				CLANG_WARN_STRICT_PROTOTYPES = YES;
				CLANG_WARN_SUSPICIOUS_MOVE = YES;
				CLANG_WARN_UNGUARDED_AVAILABILITY = YES_AGGRESSIVE;
				CLANG_WARN_UNREACHABLE_CODE = YES;
				CLANG_WARN__DUPLICATE_METHOD_MATCH = YES;
				COPY_PHASE_STRIP = NO;
				DEBUG_INFORMATION_FORMAT = dwarf;
				ENABLE_STRICT_OBJC_MSGSEND = YES;
				ENABLE_TESTABILITY = YES;
				GCC_C_LANGUAGE_STANDARD = gnu11;
				GCC_DYNAMIC_NO_PIC = NO;
				GCC_NO_COMMON_BLOCKS = YES;
				GCC_OPTIMIZATION_LEVEL = 0;
				GCC_PREPROCESSOR_DEFINITIONS = (
					"DEBUG=1",
					"$(inherited)",
				);
				GCC_WARN_64_TO_32_BIT_CONVERSION = YES;
				GCC_WARN_ABOUT_RETURN_TYPE = YES_ERROR;
				GCC_WARN_UNDECLARED_SELECTOR = YES;
				GCC_WARN_UNINITIALIZED_AUTOS = YES_AGGRESSIVE;
				GCC_WARN_UNUSED_FUNCTION = YES;
				GCC_WARN_UNUSED_VARIABLE = YES;
				IPHONEOS_DEPLOYMENT_TARGET = 13.4;
				MTL_ENABLE_DEBUG_INFO = INCLUDE_SOURCE;
				MTL_FAST_MATH = YES;
				ONLY_ACTIVE_ARCH = YES;
				SDKROOT = iphoneos;
				SWIFT_ACTIVE_COMPILATION_CONDITIONS = DEBUG;
				SWIFT_OPTIMIZATION_LEVEL = "-Onone";
			};
			name = Debug;
		};
		A9C3385F244EB6FB00842DBD /* Release */ = {
			isa = XCBuildConfiguration;
			buildSettings = {
				ALWAYS_SEARCH_USER_PATHS = NO;
				CLANG_ANALYZER_NONNULL = YES;
				CLANG_ANALYZER_NUMBER_OBJECT_CONVERSION = YES_AGGRESSIVE;
				CLANG_CXX_LANGUAGE_STANDARD = "gnu++14";
				CLANG_CXX_LIBRARY = "libc++";
				CLANG_ENABLE_MODULES = YES;
				CLANG_ENABLE_OBJC_ARC = YES;
				CLANG_ENABLE_OBJC_WEAK = YES;
				CLANG_WARN_BLOCK_CAPTURE_AUTORELEASING = YES;
				CLANG_WARN_BOOL_CONVERSION = YES;
				CLANG_WARN_COMMA = YES;
				CLANG_WARN_CONSTANT_CONVERSION = YES;
				CLANG_WARN_DEPRECATED_OBJC_IMPLEMENTATIONS = YES;
				CLANG_WARN_DIRECT_OBJC_ISA_USAGE = YES_ERROR;
				CLANG_WARN_DOCUMENTATION_COMMENTS = YES;
				CLANG_WARN_EMPTY_BODY = YES;
				CLANG_WARN_ENUM_CONVERSION = YES;
				CLANG_WARN_INFINITE_RECURSION = YES;
				CLANG_WARN_INT_CONVERSION = YES;
				CLANG_WARN_NON_LITERAL_NULL_CONVERSION = YES;
				CLANG_WARN_OBJC_IMPLICIT_RETAIN_SELF = YES;
				CLANG_WARN_OBJC_LITERAL_CONVERSION = YES;
				CLANG_WARN_OBJC_ROOT_CLASS = YES_ERROR;
				CLANG_WARN_RANGE_LOOP_ANALYSIS = YES;
				CLANG_WARN_STRICT_PROTOTYPES = YES;
				CLANG_WARN_SUSPICIOUS_MOVE = YES;
				CLANG_WARN_UNGUARDED_AVAILABILITY = YES_AGGRESSIVE;
				CLANG_WARN_UNREACHABLE_CODE = YES;
				CLANG_WARN__DUPLICATE_METHOD_MATCH = YES;
				COPY_PHASE_STRIP = NO;
				DEBUG_INFORMATION_FORMAT = "dwarf-with-dsym";
				ENABLE_NS_ASSERTIONS = NO;
				ENABLE_STRICT_OBJC_MSGSEND = YES;
				GCC_C_LANGUAGE_STANDARD = gnu11;
				GCC_NO_COMMON_BLOCKS = YES;
				GCC_WARN_64_TO_32_BIT_CONVERSION = YES;
				GCC_WARN_ABOUT_RETURN_TYPE = YES_ERROR;
				GCC_WARN_UNDECLARED_SELECTOR = YES;
				GCC_WARN_UNINITIALIZED_AUTOS = YES_AGGRESSIVE;
				GCC_WARN_UNUSED_FUNCTION = YES;
				GCC_WARN_UNUSED_VARIABLE = YES;
				IPHONEOS_DEPLOYMENT_TARGET = 13.4;
				MTL_ENABLE_DEBUG_INFO = NO;
				MTL_FAST_MATH = YES;
				SDKROOT = iphoneos;
				SWIFT_COMPILATION_MODE = wholemodule;
				SWIFT_OPTIMIZATION_LEVEL = "-O";
				VALIDATE_PRODUCT = YES;
			};
			name = Release;
		};
		A9C33861244EB6FB00842DBD /* Debug */ = {
			isa = XCBuildConfiguration;
			buildSettings = {
				ASSETCATALOG_COMPILER_APPICON_NAME = AppIcon;
				CODE_SIGN_STYLE = Automatic;
				DEVELOPMENT_TEAM = Z872JX6928;
				INFOPLIST_FILE = Corona/Info.plist;
				LD_RUNPATH_SEARCH_PATHS = (
					"$(inherited)",
					"@executable_path/Frameworks",
				);
				PRODUCT_BUNDLE_IDENTIFIER = taoquynh.Corona;
				PRODUCT_NAME = "$(TARGET_NAME)";
				SWIFT_VERSION = 5.0;
				TARGETED_DEVICE_FAMILY = "1,2";
			};
			name = Debug;
		};
		A9C33862244EB6FB00842DBD /* Release */ = {
			isa = XCBuildConfiguration;
			buildSettings = {
				ASSETCATALOG_COMPILER_APPICON_NAME = AppIcon;
				CODE_SIGN_STYLE = Automatic;
				DEVELOPMENT_TEAM = Z872JX6928;
				INFOPLIST_FILE = Corona/Info.plist;
				LD_RUNPATH_SEARCH_PATHS = (
					"$(inherited)",
					"@executable_path/Frameworks",
				);
				PRODUCT_BUNDLE_IDENTIFIER = taoquynh.Corona;
				PRODUCT_NAME = "$(TARGET_NAME)";
				SWIFT_VERSION = 5.0;
				TARGETED_DEVICE_FAMILY = "1,2";
			};
			name = Release;
		};
/* End XCBuildConfiguration section */

/* Begin XCConfigurationList section */
		A9C33847244EB6F900842DBD /* Build configuration list for PBXProject "Corona" */ = {
			isa = XCConfigurationList;
			buildConfigurations = (
				A9C3385E244EB6FB00842DBD /* Debug */,
				A9C3385F244EB6FB00842DBD /* Release */,
			);
			defaultConfigurationIsVisible = 0;
			defaultConfigurationName = Release;
		};
		A9C33860244EB6FB00842DBD /* Build configuration list for PBXNativeTarget "Corona" */ = {
			isa = XCConfigurationList;
			buildConfigurations = (
				A9C33861244EB6FB00842DBD /* Debug */,
				A9C33862244EB6FB00842DBD /* Release */,
			);
			defaultConfigurationIsVisible = 0;
			defaultConfigurationName = Release;
		};
/* End XCConfigurationList section */
	};
	rootObject = A9C33844244EB6F900842DBD /* Project object */;
}
